
Microsoft Visual Studio Solution File, Format Version 12.00
# Visual Studio Version 16
VisualStudioVersion = 16.0.31515.178
MinimumVisualStudioVersion = 10.0.40219.1
Project("{FAE04EC0-301F-11D3-BF4B-00C04F79EFBC}") = "JuegoFormarParejas", "JuegoFormarParejas\JuegoFormarParejas.csproj", "{BB04C4C2-97A5-4AB8-8F96-8FEBA123290E}"
EndProject
Global
	GlobalSection(SolutionConfigurationPlatforms) = preSolution
		Debug|Any CPU = Debug|Any CPU
		Release|Any CPU = Release|Any CPU
	EndGlobalSection
	GlobalSection(ProjectConfigurationPlatforms) = postSolution
		{BB04C4C2-97A5-4AB8-8F96-8FEBA123290E}.Debug|Any CPU.ActiveCfg = Debug|Any CPU
		{BB04C4C2-97A5-4AB8-8F96-8FEBA123290E}.Debug|Any CPU.Build.0 = Debug|Any CPU
		{BB04C4C2-97A5-4AB8-8F96-8FEBA123290E}.Release|Any CPU.ActiveCfg = Release|Any CPU
		{BB04C4C2-97A5-4AB8-8F96-8FEBA123290E}.Release|Any CPU.Build.0 = Release|Any CPU
	EndGlobalSection
	GlobalSection(SolutionProperties) = preSolution
		HideSolutionNode = FALSE
	EndGlobalSection
	GlobalSection(ExtensibilityGlobals) = postSolution
		SolutionGuid = {B2BEC852-196D-4940-8CF3-BC861529BF81}
	EndGlobalSection
EndGlobal
